# This file is automatically @generated by Cargo.
# It is not intended for manual editing.
version = 3

[[package]]
name = "addr2line"
version = "0.17.0"
source = "registry+https://github.com/rust-lang/crates.io-index"
checksum = "b9ecd88a8c8378ca913a680cd98f0f13ac67383d35993f86c90a70e3f137816b"
dependencies = [
 "gimli",
]

[[package]]
name = "adler"
version = "1.0.2"
source = "registry+https://github.com/rust-lang/crates.io-index"
checksum = "f26201604c87b1e01bd3d98f8d5d9a8fcbb815e8cedb41ffccbeb4bf593a35fe"

[[package]]
name = "aho-corasick"
version = "0.7.19"
source = "registry+https://github.com/rust-lang/crates.io-index"
checksum = "b4f55bd91a0978cbfd91c457a164bab8b4001c833b7f323132c0a4e1922dd44e"
dependencies = [
 "memchr",
]

[[package]]
name = "android_system_properties"
version = "0.1.5"
source = "registry+https://github.com/rust-lang/crates.io-index"
checksum = "819e7219dbd41043ac279b19830f2efc897156490d7fd6ea916720117ee66311"
dependencies = [
 "libc",
]

[[package]]
name = "anyhow"
version = "1.0.65"
source = "registry+https://github.com/rust-lang/crates.io-index"
checksum = "98161a4e3e2184da77bb14f02184cdd111e83bbbcc9979dfee3c44b9a85f5602"
dependencies = [
 "backtrace",
]

[[package]]
name = "arrayvec"
version = "0.7.2"
source = "registry+https://github.com/rust-lang/crates.io-index"
checksum = "8da52d66c7071e2e3fa2a1e5c6d088fec47b593032b254f5e980de8ea54454d6"

[[package]]
name = "askama"
version = "0.11.1"
source = "registry+https://github.com/rust-lang/crates.io-index"
checksum = "fb98f10f371286b177db5eeb9a6e5396609555686a35e1d4f7b9a9c6d8af0139"
dependencies = [
 "askama_derive",
 "askama_escape",
 "askama_shared",
]

[[package]]
name = "askama_derive"
version = "0.11.2"
source = "registry+https://github.com/rust-lang/crates.io-index"
checksum = "87bf87e6e8b47264efa9bde63d6225c6276a52e05e91bf37eaa8afd0032d6b71"
dependencies = [
 "askama_shared",
 "proc-macro2",
 "syn",
]

[[package]]
name = "askama_escape"
version = "0.10.3"
source = "registry+https://github.com/rust-lang/crates.io-index"
checksum = "619743e34b5ba4e9703bba34deac3427c72507c7159f5fd030aea8cac0cfe341"

[[package]]
name = "askama_shared"
version = "0.12.2"
source = "registry+https://github.com/rust-lang/crates.io-index"
checksum = "bf722b94118a07fcbc6640190f247334027685d4e218b794dbfe17c32bf38ed0"
dependencies = [
 "askama_escape",
 "humansize",
 "mime",
 "mime_guess",
 "nom",
 "num-traits",
 "percent-encoding",
 "proc-macro2",
 "quote",
 "serde",
 "syn",
 "toml",
]

[[package]]
name = "atty"
version = "0.2.14"
source = "registry+https://github.com/rust-lang/crates.io-index"
checksum = "d9b39be18770d11421cdb1b9947a45dd3f37e93092cbf377614828a319d5fee8"
dependencies = [
 "hermit-abi",
 "libc",
 "winapi",
]

[[package]]
name = "autocfg"
version = "1.1.0"
source = "registry+https://github.com/rust-lang/crates.io-index"
checksum = "d468802bab17cbc0cc575e9b053f41e72aa36bfa6b7f55e3529ffa43161b97fa"

[[package]]
name = "backtrace"
version = "0.3.66"
source = "registry+https://github.com/rust-lang/crates.io-index"
checksum = "cab84319d616cfb654d03394f38ab7e6f0919e181b1b57e1fd15e7fb4077d9a7"
dependencies = [
 "addr2line",
 "cc",
 "cfg-if",
 "libc",
 "miniz_oxide",
 "object",
 "rustc-demangle",
]

[[package]]
name = "base64"
version = "0.13.0"
source = "registry+https://github.com/rust-lang/crates.io-index"
checksum = "904dfeac50f3cdaba28fc6f57fdcddb75f49ed61346676a78c4ffe55877802fd"

[[package]]
name = "bitflags"
version = "1.3.2"
source = "registry+https://github.com/rust-lang/crates.io-index"
checksum = "bef38d45163c2f1dde094a7dfd33ccf595c92905c8f8f4fdc18d06fb1037718a"

[[package]]
name = "bitvec"
version = "1.0.1"
source = "registry+https://github.com/rust-lang/crates.io-index"
checksum = "1bc2832c24239b0141d5674bb9174f9d68a8b5b3f2753311927c172ca46f7e9c"
dependencies = [
 "funty",
 "radium",
 "tap",
 "wyz",
]

[[package]]
name = "block-buffer"
version = "0.10.3"
source = "registry+https://github.com/rust-lang/crates.io-index"
checksum = "69cce20737498f97b993470a6e536b8523f0af7892a4f928cceb1ac5e52ebe7e"
dependencies = [
 "generic-array",
]

[[package]]
name = "bumpalo"
version = "3.11.0"
source = "registry+https://github.com/rust-lang/crates.io-index"
checksum = "c1ad822118d20d2c234f427000d5acc36eabe1e29a348c89b63dd60b13f28e5d"

[[package]]
name = "byte-slice-cast"
version = "1.2.1"
source = "registry+https://github.com/rust-lang/crates.io-index"
checksum = "87c5fdd0166095e1d463fc6cc01aa8ce547ad77a4e84d42eb6762b084e28067e"

[[package]]
name = "byteorder"
version = "1.4.3"
source = "registry+https://github.com/rust-lang/crates.io-index"
checksum = "14c189c53d098945499cdfa7ecc63567cf3886b3332b312a5b4585d8d3a6a610"

[[package]]
name = "bytes"
version = "1.2.1"
source = "registry+https://github.com/rust-lang/crates.io-index"
checksum = "ec8a7b6a70fde80372154c65702f00a0f56f3e1c36abbc6c440484be248856db"

[[package]]
name = "cc"
version = "1.0.73"
source = "registry+https://github.com/rust-lang/crates.io-index"
checksum = "2fff2a6927b3bb87f9595d67196a70493f627687a71d87a0d692242c33f58c11"

[[package]]
name = "cfg-if"
version = "1.0.0"
source = "registry+https://github.com/rust-lang/crates.io-index"
checksum = "baf1de4339761588bc0619e3cbc0120ee582ebb74b53b4efbf79117bd2da40fd"

[[package]]
name = "chrono"
version = "0.4.22"
source = "registry+https://github.com/rust-lang/crates.io-index"
checksum = "bfd4d1b31faaa3a89d7934dbded3111da0d2ef28e3ebccdb4f0179f5929d1ef1"
dependencies = [
 "iana-time-zone",
 "num-integer",
 "num-traits",
 "serde",
 "winapi",
]

[[package]]
name = "clap"
version = "4.0.14"
source = "registry+https://github.com/rust-lang/crates.io-index"
checksum = "6ea54a38e4bce14ff6931c72e5b3c43da7051df056913d4e7e1fcdb1c03df69d"
dependencies = [
 "atty",
 "bitflags",
 "clap_derive",
 "clap_lex",
 "once_cell",
 "strsim",
 "termcolor",
]

[[package]]
name = "clap_derive"
version = "4.0.13"
source = "registry+https://github.com/rust-lang/crates.io-index"
checksum = "c42f169caba89a7d512b5418b09864543eeb4d497416c917d7137863bd2076ad"
dependencies = [
 "heck",
 "proc-macro-error",
 "proc-macro2",
 "quote",
 "syn",
]

[[package]]
name = "clap_lex"
version = "0.3.0"
source = "registry+https://github.com/rust-lang/crates.io-index"
checksum = "0d4198f73e42b4936b35b5bb248d81d2b595ecb170da0bac7655c54eedfa8da8"
dependencies = [
 "os_str_bytes",
]

[[package]]
name = "codespan-reporting"
version = "0.11.1"
source = "registry+https://github.com/rust-lang/crates.io-index"
checksum = "3538270d33cc669650c4b093848450d380def10c331d38c768e34cac80576e6e"
dependencies = [
 "termcolor",
 "unicode-width",
]

[[package]]
name = "common"
version = "0.1.0"
dependencies = [
 "eth_trie_utils",
 "ethereum-types",
 "plonky2_evm",
 "pretty_env_logger",
 "serde",
]

[[package]]
name = "coolor"
version = "0.5.0"
source = "registry+https://github.com/rust-lang/crates.io-index"
checksum = "af4d7a805ca0d92f8c61a31c809d4323fdaa939b0b440e544d21db7797c5aaad"
dependencies = [
 "crossterm",
]

[[package]]
name = "core-foundation-sys"
version = "0.8.3"
source = "registry+https://github.com/rust-lang/crates.io-index"
checksum = "5827cebf4670468b8772dd191856768aedcb1b0278a04f989f7766351917b9dc"

[[package]]
name = "cpufeatures"
version = "0.2.5"
source = "registry+https://github.com/rust-lang/crates.io-index"
checksum = "28d997bd5e24a5928dd43e46dc529867e207907fe0b239c3477d924f7f2ca320"
dependencies = [
 "libc",
]

[[package]]
name = "crossbeam"
version = "0.8.2"
source = "registry+https://github.com/rust-lang/crates.io-index"
checksum = "2801af0d36612ae591caa9568261fddce32ce6e08a7275ea334a06a4ad021a2c"
dependencies = [
 "cfg-if",
 "crossbeam-channel",
 "crossbeam-deque",
 "crossbeam-epoch",
 "crossbeam-queue",
 "crossbeam-utils",
]

[[package]]
name = "crossbeam-channel"
version = "0.5.6"
source = "registry+https://github.com/rust-lang/crates.io-index"
checksum = "c2dd04ddaf88237dc3b8d8f9a3c1004b506b54b3313403944054d23c0870c521"
dependencies = [
 "cfg-if",
 "crossbeam-utils",
]

[[package]]
name = "crossbeam-deque"
version = "0.8.2"
source = "registry+https://github.com/rust-lang/crates.io-index"
checksum = "715e8152b692bba2d374b53d4875445368fdf21a94751410af607a5ac677d1fc"
dependencies = [
 "cfg-if",
 "crossbeam-epoch",
 "crossbeam-utils",
]

[[package]]
name = "crossbeam-epoch"
version = "0.9.11"
source = "registry+https://github.com/rust-lang/crates.io-index"
checksum = "f916dfc5d356b0ed9dae65f1db9fc9770aa2851d2662b988ccf4fe3516e86348"
dependencies = [
 "autocfg",
 "cfg-if",
 "crossbeam-utils",
 "memoffset",
 "scopeguard",
]

[[package]]
name = "crossbeam-queue"
version = "0.3.6"
source = "registry+https://github.com/rust-lang/crates.io-index"
checksum = "1cd42583b04998a5363558e5f9291ee5a5ff6b49944332103f251e7479a82aa7"
dependencies = [
 "cfg-if",
 "crossbeam-utils",
]

[[package]]
name = "crossbeam-utils"
version = "0.8.12"
source = "registry+https://github.com/rust-lang/crates.io-index"
checksum = "edbafec5fa1f196ca66527c1b12c2ec4745ca14b50f1ad8f9f6f720b55d11fac"
dependencies = [
 "cfg-if",
]

[[package]]
name = "crossterm"
version = "0.23.2"
source = "registry+https://github.com/rust-lang/crates.io-index"
checksum = "a2102ea4f781910f8a5b98dd061f4c2023f479ce7bb1236330099ceb5a93cf17"
dependencies = [
 "bitflags",
 "crossterm_winapi",
 "libc",
 "mio",
 "parking_lot",
 "signal-hook",
 "signal-hook-mio",
 "winapi",
]

[[package]]
name = "crossterm_winapi"
version = "0.9.0"
source = "registry+https://github.com/rust-lang/crates.io-index"
checksum = "2ae1b35a484aa10e07fe0638d02301c5ad24de82d310ccbd2f3693da5f09bf1c"
dependencies = [
 "winapi",
]

[[package]]
name = "crunchy"
version = "0.2.2"
source = "registry+https://github.com/rust-lang/crates.io-index"
checksum = "7a81dae078cea95a014a339291cec439d2f232ebe854a9d672b796c6afafa9b7"

[[package]]
name = "crypto-common"
version = "0.1.6"
source = "registry+https://github.com/rust-lang/crates.io-index"
checksum = "1bfb12502f3fc46cca1bb51ac28df9d618d813cdc3d2f25b9fe775a34af26bb3"
dependencies = [
 "generic-array",
 "typenum",
]

[[package]]
name = "cxx"
version = "1.0.78"
source = "registry+https://github.com/rust-lang/crates.io-index"
checksum = "19f39818dcfc97d45b03953c1292efc4e80954e1583c4aa770bac1383e2310a4"
dependencies = [
 "cc",
 "cxxbridge-flags",
 "cxxbridge-macro",
 "link-cplusplus",
]

[[package]]
name = "cxx-build"
version = "1.0.78"
source = "registry+https://github.com/rust-lang/crates.io-index"
checksum = "3e580d70777c116df50c390d1211993f62d40302881e54d4b79727acb83d0199"
dependencies = [
 "cc",
 "codespan-reporting",
 "once_cell",
 "proc-macro2",
 "quote",
 "scratch",
 "syn",
]

[[package]]
name = "cxxbridge-flags"
version = "1.0.78"
source = "registry+https://github.com/rust-lang/crates.io-index"
checksum = "56a46460b88d1cec95112c8c363f0e2c39afdb237f60583b0b36343bf627ea9c"

[[package]]
name = "cxxbridge-macro"
version = "1.0.78"
source = "registry+https://github.com/rust-lang/crates.io-index"
checksum = "747b608fecf06b0d72d440f27acc99288207324b793be2c17991839f3d4995ea"
dependencies = [
 "proc-macro2",
 "quote",
 "syn",
]

[[package]]
name = "darling"
version = "0.14.1"
source = "registry+https://github.com/rust-lang/crates.io-index"
checksum = "4529658bdda7fd6769b8614be250cdcfc3aeb0ee72fe66f9e41e5e5eb73eac02"
dependencies = [
 "darling_core",
 "darling_macro",
]

[[package]]
name = "darling_core"
version = "0.14.1"
source = "registry+https://github.com/rust-lang/crates.io-index"
checksum = "649c91bc01e8b1eac09fb91e8dbc7d517684ca6be8ebc75bb9cafc894f9fdb6f"
dependencies = [
 "fnv",
 "ident_case",
 "proc-macro2",
 "quote",
 "strsim",
 "syn",
]

[[package]]
name = "darling_macro"
version = "0.14.1"
source = "registry+https://github.com/rust-lang/crates.io-index"
checksum = "ddfc69c5bfcbd2fc09a0f38451d2daf0e372e367986a83906d1b0dbc88134fb5"
dependencies = [
 "darling_core",
 "quote",
 "syn",
]

[[package]]
name = "digest"
version = "0.10.5"
source = "registry+https://github.com/rust-lang/crates.io-index"
checksum = "adfbc57365a37acbd2ebf2b64d7e69bb766e2fea813521ed536f5d0520dcf86c"
dependencies = [
 "block-buffer",
 "crypto-common",
]

[[package]]
name = "either"
version = "1.8.0"
source = "registry+https://github.com/rust-lang/crates.io-index"
checksum = "90e5c1c8368803113bf0c9584fc495a58b86dc8a29edbf8fe877d21d9507e797"

[[package]]
name = "env_logger"
version = "0.7.1"
source = "registry+https://github.com/rust-lang/crates.io-index"
checksum = "44533bbbb3bb3c1fa17d9f2e4e38bbbaf8396ba82193c4cb1b6445d711445d36"
dependencies = [
 "atty",
 "humantime 1.3.0",
 "log",
 "regex",
 "termcolor",
]

[[package]]
name = "env_logger"
version = "0.9.1"
source = "registry+https://github.com/rust-lang/crates.io-index"
checksum = "c90bf5f19754d10198ccb95b70664fc925bd1fc090a0fd9a6ebc54acc8cd6272"
dependencies = [
 "atty",
 "humantime 2.1.0",
 "log",
 "regex",
 "termcolor",
]

[[package]]
name = "eth_test_parser"
version = "0.1.0"
dependencies = [
 "anyhow",
 "clap",
 "common",
 "eth_trie_utils",
 "ethereum-types",
 "hex",
 "keccak-hash 0.10.0",
 "log",
 "plonky2_evm",
 "rlp",
 "rlp-derive",
 "serde",
 "serde_bytes",
 "serde_cbor",
 "serde_json",
 "serde_with",
]

[[package]]
name = "eth_trie_utils"
version = "0.2.1"
source = "registry+https://github.com/rust-lang/crates.io-index"
checksum = "a84370e45d90ca73c10363c1269b29c1e0967c02ed2ec407c2970ad095523adf"
dependencies = [
 "bytes",
 "ethereum-types",
 "hex",
 "itertools",
 "keccak-hash 0.10.0",
 "log",
 "num-traits",
 "rlp",
 "serde",
 "thiserror",
 "uint",
]

[[package]]
name = "ethbloom"
version = "0.13.0"
source = "registry+https://github.com/rust-lang/crates.io-index"
checksum = "c22d4b5885b6aa2fe5e8b9329fb8d232bf739e434e6b87347c63bdd00c120f60"
dependencies = [
 "crunchy",
 "fixed-hash 0.8.0",
 "impl-rlp",
 "impl-serde",
 "tiny-keccak",
]

[[package]]
name = "ethereum-types"
version = "0.14.0"
source = "registry+https://github.com/rust-lang/crates.io-index"
checksum = "81224dc661606574f5a0f28c9947d0ee1d93ff11c5f1c4e7272f52e8c0b5483c"
dependencies = [
 "ethbloom",
 "fixed-hash 0.8.0",
 "impl-rlp",
 "impl-serde",
 "primitive-types 0.12.0",
 "uint",
]

[[package]]
name = "evm_test_runner"
version = "0.1.0"
dependencies = [
 "anyhow",
 "askama",
 "clap",
 "common",
 "ethereum-types",
 "log",
 "plonky2",
 "plonky2_evm",
 "serde_json",
 "termimad",
 "tokio",
 "tokio-stream",
]

[[package]]
name = "fixed-hash"
version = "0.7.0"
source = "registry+https://github.com/rust-lang/crates.io-index"
checksum = "cfcf0ed7fe52a17a03854ec54a9f76d6d84508d1c0e66bc1793301c73fc8493c"
dependencies = [
 "static_assertions",
]

[[package]]
name = "fixed-hash"
version = "0.8.0"
source = "registry+https://github.com/rust-lang/crates.io-index"
checksum = "835c052cb0c08c1acf6ffd71c022172e18723949c8282f2b9f27efbc51e64534"
dependencies = [
 "byteorder",
 "rand",
 "rustc-hex",
 "static_assertions",
]

[[package]]
name = "fnv"
version = "1.0.7"
source = "registry+https://github.com/rust-lang/crates.io-index"
checksum = "3f9eec918d3f24069decb9af1554cad7c880e2da24a9afd88aca000531ab82c1"

[[package]]
name = "funty"
version = "2.0.0"
source = "registry+https://github.com/rust-lang/crates.io-index"
checksum = "e6d5a32815ae3f33302d95fdcb2ce17862f8c65363dcfd29360480ba1001fc9c"

[[package]]
name = "futures-core"
version = "0.3.24"
source = "registry+https://github.com/rust-lang/crates.io-index"
checksum = "4e5aa3de05362c3fb88de6531e6296e85cde7739cccad4b9dfeeb7f6ebce56bf"

[[package]]
name = "generic-array"
version = "0.14.6"
source = "registry+https://github.com/rust-lang/crates.io-index"
checksum = "bff49e947297f3312447abdca79f45f4738097cc82b06e72054d2223f601f1b9"
dependencies = [
 "typenum",
 "version_check",
]

[[package]]
name = "getrandom"
version = "0.2.7"
source = "registry+https://github.com/rust-lang/crates.io-index"
checksum = "4eb1a864a501629691edf6c15a593b7a51eebaa1e8468e9ddc623de7c9b58ec6"
dependencies = [
 "cfg-if",
 "libc",
 "wasi",
]

[[package]]
name = "gimli"
version = "0.26.2"
source = "registry+https://github.com/rust-lang/crates.io-index"
checksum = "22030e2c5a68ec659fde1e949a745124b48e6fa8b045b7ed5bd1fe4ccc5c4e5d"

[[package]]
name = "half"
version = "1.8.2"
source = "registry+https://github.com/rust-lang/crates.io-index"
checksum = "eabb4a44450da02c90444cf74558da904edde8fb4e9035a9a6a4e15445af0bd7"

[[package]]
name = "hashbrown"
version = "0.12.3"
source = "registry+https://github.com/rust-lang/crates.io-index"
checksum = "8a9ee70c43aaf417c914396645a0fa852624801b24ebb7ae78fe8272889ac888"

[[package]]
name = "heck"
version = "0.4.0"
source = "registry+https://github.com/rust-lang/crates.io-index"
checksum = "2540771e65fc8cb83cd6e8a237f70c319bd5c29f78ed1084ba5d50eeac86f7f9"

[[package]]
name = "hermit-abi"
version = "0.1.19"
source = "registry+https://github.com/rust-lang/crates.io-index"
checksum = "62b467343b94ba476dcb2500d242dadbb39557df889310ac77c5d99100aaac33"
dependencies = [
 "libc",
]

[[package]]
name = "hex"
version = "0.4.3"
source = "registry+https://github.com/rust-lang/crates.io-index"
checksum = "7f24254aa9a54b5c858eaee2f5bccdb46aaf0e486a595ed5fd8f86ba55232a70"

[[package]]
name = "hex-literal"
version = "0.3.4"
source = "registry+https://github.com/rust-lang/crates.io-index"
checksum = "7ebdb29d2ea9ed0083cd8cece49bbd968021bd99b0849edb4a9a7ee0fdf6a4e0"

[[package]]
name = "humansize"
version = "1.1.1"
source = "registry+https://github.com/rust-lang/crates.io-index"
checksum = "02296996cb8796d7c6e3bc2d9211b7802812d36999a51bb754123ead7d37d026"

[[package]]
name = "humantime"
version = "1.3.0"
source = "registry+https://github.com/rust-lang/crates.io-index"
checksum = "df004cfca50ef23c36850aaaa59ad52cc70d0e90243c3c7737a4dd32dc7a3c4f"
dependencies = [
 "quick-error",
]

[[package]]
name = "humantime"
version = "2.1.0"
source = "registry+https://github.com/rust-lang/crates.io-index"
checksum = "9a3a5bfb195931eeb336b2a7b4d761daec841b97f947d34394601737a7bba5e4"

[[package]]
name = "iana-time-zone"
version = "0.1.51"
source = "registry+https://github.com/rust-lang/crates.io-index"
checksum = "f5a6ef98976b22b3b7f2f3a806f858cb862044cfa66805aa3ad84cb3d3b785ed"
dependencies = [
 "android_system_properties",
 "core-foundation-sys",
 "iana-time-zone-haiku",
 "js-sys",
 "wasm-bindgen",
 "winapi",
]

[[package]]
name = "iana-time-zone-haiku"
version = "0.1.0"
source = "registry+https://github.com/rust-lang/crates.io-index"
checksum = "fde6edd6cef363e9359ed3c98ba64590ba9eecba2293eb5a723ab32aee8926aa"
dependencies = [
 "cxx",
 "cxx-build",
]

[[package]]
name = "ident_case"
version = "1.0.1"
source = "registry+https://github.com/rust-lang/crates.io-index"
checksum = "b9e0384b61958566e926dc50660321d12159025e767c18e043daf26b70104c39"

[[package]]
name = "impl-codec"
version = "0.6.0"
source = "registry+https://github.com/rust-lang/crates.io-index"
checksum = "ba6a270039626615617f3f36d15fc827041df3b78c439da2cadfa47455a77f2f"
dependencies = [
 "parity-scale-codec",
]

[[package]]
name = "impl-rlp"
version = "0.3.0"
source = "registry+https://github.com/rust-lang/crates.io-index"
checksum = "f28220f89297a075ddc7245cd538076ee98b01f2a9c23a53a4f1105d5a322808"
dependencies = [
 "rlp",
]

[[package]]
name = "impl-serde"
version = "0.4.0"
source = "registry+https://github.com/rust-lang/crates.io-index"
checksum = "ebc88fc67028ae3db0c853baa36269d398d5f45b6982f95549ff5def78c935cd"
dependencies = [
 "serde",
]

[[package]]
name = "impl-trait-for-tuples"
version = "0.2.2"
source = "registry+https://github.com/rust-lang/crates.io-index"
checksum = "11d7a9f6330b71fea57921c9b61c47ee6e84f72d394754eff6163ae67e7395eb"
dependencies = [
 "proc-macro2",
 "quote",
 "syn",
]

[[package]]
name = "indexmap"
version = "1.9.1"
source = "registry+https://github.com/rust-lang/crates.io-index"
checksum = "10a35a97730320ffe8e2d410b5d3b69279b98d2c14bdb8b70ea89ecf7888d41e"
dependencies = [
 "autocfg",
 "hashbrown",
 "serde",
]

[[package]]
name = "itertools"
version = "0.10.5"
source = "registry+https://github.com/rust-lang/crates.io-index"
checksum = "b0fd2260e829bddf4cb6ea802289de2f86d6a7a690192fbe91b3f46e0f2c8473"
dependencies = [
 "either",
]

[[package]]
name = "itoa"
version = "1.0.4"
source = "registry+https://github.com/rust-lang/crates.io-index"
checksum = "4217ad341ebadf8d8e724e264f13e593e0648f5b3e94b3896a5df283be015ecc"

[[package]]
name = "js-sys"
version = "0.3.60"
source = "registry+https://github.com/rust-lang/crates.io-index"
checksum = "49409df3e3bf0856b916e2ceaca09ee28e6871cf7d9ce97a692cacfdb2a25a47"
dependencies = [
 "wasm-bindgen",
]

[[package]]
name = "keccak-hash"
version = "0.8.0"
source = "registry+https://github.com/rust-lang/crates.io-index"
checksum = "ce2bd4c29270e724d3eaadf7bdc8700af4221fc0ed771b855eadcd1b98d52851"
dependencies = [
 "primitive-types 0.10.1",
 "tiny-keccak",
]

[[package]]
name = "keccak-hash"
version = "0.9.0"
source = "registry+https://github.com/rust-lang/crates.io-index"
checksum = "82bc5d5ca345b067619615f62ac6f93e7daa67eb82d080bc380ed480708ec9e3"
dependencies = [
 "primitive-types 0.11.1",
 "tiny-keccak",
]

[[package]]
name = "keccak-hash"
version = "0.10.0"
source = "registry+https://github.com/rust-lang/crates.io-index"
checksum = "4b286e6b663fb926e1eeb68528e69cb70ed46c6d65871a21b2215ae8154c6d3c"
dependencies = [
 "primitive-types 0.12.0",
 "tiny-keccak",
]

[[package]]
name = "libc"
version = "0.2.135"
source = "registry+https://github.com/rust-lang/crates.io-index"
checksum = "68783febc7782c6c5cb401fbda4de5a9898be1762314da0bb2c10ced61f18b0c"

[[package]]
name = "link-cplusplus"
version = "1.0.7"
source = "registry+https://github.com/rust-lang/crates.io-index"
checksum = "9272ab7b96c9046fbc5bc56c06c117cb639fe2d509df0c421cad82d2915cf369"
dependencies = [
 "cc",
]

[[package]]
name = "lock_api"
version = "0.4.9"
source = "registry+https://github.com/rust-lang/crates.io-index"
checksum = "435011366fe56583b16cf956f9df0095b405b82d76425bc8981c0e22e60ec4df"
dependencies = [
 "autocfg",
 "scopeguard",
]

[[package]]
name = "log"
version = "0.4.17"
source = "registry+https://github.com/rust-lang/crates.io-index"
checksum = "abb12e687cfb44aa40f41fc3978ef76448f9b6038cad6aef4259d3c095a2382e"
dependencies = [
 "cfg-if",
]

[[package]]
name = "maybe_rayon"
version = "0.1.0"
source = "git+https://github.com/mir-protocol/plonky2.git?rev=06475c2b61a0d3b26d3f3ded791456052b94251b#06475c2b61a0d3b26d3f3ded791456052b94251b"
dependencies = [
 "rayon",
]

[[package]]
name = "memchr"
version = "2.5.0"
source = "registry+https://github.com/rust-lang/crates.io-index"
checksum = "2dffe52ecf27772e601905b7522cb4ef790d2cc203488bbd0e2fe85fcb74566d"

[[package]]
name = "memoffset"
version = "0.6.5"
source = "registry+https://github.com/rust-lang/crates.io-index"
checksum = "5aa361d4faea93603064a027415f07bd8e1d5c88c9fbf68bf56a285428fd79ce"
dependencies = [
 "autocfg",
]

[[package]]
name = "mime"
version = "0.3.16"
source = "registry+https://github.com/rust-lang/crates.io-index"
checksum = "2a60c7ce501c71e03a9c9c0d35b861413ae925bd979cc7a4e30d060069aaac8d"

[[package]]
name = "mime_guess"
version = "2.0.4"
source = "registry+https://github.com/rust-lang/crates.io-index"
checksum = "4192263c238a5f0d0c6bfd21f336a313a4ce1c450542449ca191bb657b4642ef"
dependencies = [
 "mime",
 "unicase",
]

[[package]]
name = "minimad"
version = "0.9.1"
source = "registry+https://github.com/rust-lang/crates.io-index"
checksum = "277639f0198568f70f8fe4ab88a52a67c96bca12f27ba5c17a76acdcb8b45834"
dependencies = [
 "once_cell",
]

[[package]]
name = "minimal-lexical"
version = "0.2.1"
source = "registry+https://github.com/rust-lang/crates.io-index"
checksum = "68354c5c6bd36d73ff3feceb05efa59b6acb7626617f4962be322a825e61f79a"

[[package]]
name = "miniz_oxide"
version = "0.5.4"
source = "registry+https://github.com/rust-lang/crates.io-index"
checksum = "96590ba8f175222643a85693f33d26e9c8a015f599c216509b1a6894af675d34"
dependencies = [
 "adler",
]

[[package]]
name = "mio"
version = "0.8.4"
source = "registry+https://github.com/rust-lang/crates.io-index"
checksum = "57ee1c23c7c63b0c9250c339ffdc69255f110b298b901b9f6c82547b7b87caaf"
dependencies = [
 "libc",
 "log",
 "wasi",
 "windows-sys",
]

[[package]]
name = "nom"
version = "7.1.1"
source = "registry+https://github.com/rust-lang/crates.io-index"
checksum = "a8903e5a29a317527874d0402f867152a3d21c908bb0b933e416c65e301d4c36"
dependencies = [
 "memchr",
 "minimal-lexical",
]

[[package]]
name = "num"
version = "0.4.0"
source = "registry+https://github.com/rust-lang/crates.io-index"
checksum = "43db66d1170d347f9a065114077f7dccb00c1b9478c89384490a3425279a4606"
dependencies = [
 "num-bigint",
 "num-complex",
 "num-integer",
 "num-iter",
 "num-rational",
 "num-traits",
]

[[package]]
name = "num-bigint"
version = "0.4.3"
source = "registry+https://github.com/rust-lang/crates.io-index"
checksum = "f93ab6289c7b344a8a9f60f88d80aa20032336fe78da341afc91c8a2341fc75f"
dependencies = [
 "autocfg",
 "num-integer",
 "num-traits",
 "rand",
]

[[package]]
name = "num-complex"
version = "0.4.2"
source = "registry+https://github.com/rust-lang/crates.io-index"
checksum = "7ae39348c8bc5fbd7f40c727a9925f03517afd2ab27d46702108b6a7e5414c19"
dependencies = [
 "num-traits",
 "rand",
]

[[package]]
name = "num-integer"
version = "0.1.45"
source = "registry+https://github.com/rust-lang/crates.io-index"
checksum = "225d3389fb3509a24c93f5c29eb6bde2586b98d9f016636dff58d7c6f7569cd9"
dependencies = [
 "autocfg",
 "num-traits",
]

[[package]]
name = "num-iter"
version = "0.1.43"
source = "registry+https://github.com/rust-lang/crates.io-index"
checksum = "7d03e6c028c5dc5cac6e2dec0efda81fc887605bb3d884578bb6d6bf7514e252"
dependencies = [
 "autocfg",
 "num-integer",
 "num-traits",
]

[[package]]
name = "num-rational"
version = "0.4.1"
source = "registry+https://github.com/rust-lang/crates.io-index"
checksum = "0638a1c9d0a3c0914158145bc76cff373a75a627e6ecbfb71cbe6f453a5a19b0"
dependencies = [
 "autocfg",
 "num-bigint",
 "num-integer",
 "num-traits",
]

[[package]]
name = "num-traits"
version = "0.2.15"
source = "registry+https://github.com/rust-lang/crates.io-index"
checksum = "578ede34cf02f8924ab9447f50c28075b4d3e5b269972345e7e0372b38c6cdcd"
dependencies = [
 "autocfg",
]

[[package]]
name = "num_cpus"
version = "1.13.1"
source = "registry+https://github.com/rust-lang/crates.io-index"
checksum = "19e64526ebdee182341572e50e9ad03965aa510cd94427a4549448f285e957a1"
dependencies = [
 "hermit-abi",
 "libc",
]

[[package]]
name = "num_threads"
version = "0.1.6"
source = "registry+https://github.com/rust-lang/crates.io-index"
checksum = "2819ce041d2ee131036f4fc9d6ae7ae125a3a40e97ba64d04fe799ad9dabbb44"
dependencies = [
 "libc",
]

[[package]]
name = "object"
version = "0.29.0"
source = "registry+https://github.com/rust-lang/crates.io-index"
checksum = "21158b2c33aa6d4561f1c0a6ea283ca92bc54802a93b263e910746d679a7eb53"
dependencies = [
 "memchr",
]

[[package]]
name = "once_cell"
version = "1.15.0"
source = "registry+https://github.com/rust-lang/crates.io-index"
checksum = "e82dad04139b71a90c080c8463fe0dc7902db5192d939bd0950f074d014339e1"

[[package]]
name = "os_str_bytes"
version = "6.3.0"
source = "registry+https://github.com/rust-lang/crates.io-index"
checksum = "9ff7415e9ae3fff1225851df9e0d9e4e5479f947619774677a63572e55e80eff"

[[package]]
name = "parity-scale-codec"
version = "3.2.1"
source = "registry+https://github.com/rust-lang/crates.io-index"
checksum = "366e44391a8af4cfd6002ef6ba072bae071a96aafca98d7d448a34c5dca38b6a"
dependencies = [
 "arrayvec",
 "bitvec",
 "byte-slice-cast",
 "impl-trait-for-tuples",
 "parity-scale-codec-derive",
 "serde",
]

[[package]]
name = "parity-scale-codec-derive"
version = "3.1.3"
source = "registry+https://github.com/rust-lang/crates.io-index"
checksum = "9299338969a3d2f491d65f140b00ddec470858402f888af98e8642fb5e8965cd"
dependencies = [
 "proc-macro-crate",
 "proc-macro2",
 "quote",
 "syn",
]

[[package]]
name = "parking_lot"
version = "0.12.1"
source = "registry+https://github.com/rust-lang/crates.io-index"
checksum = "3742b2c103b9f06bc9fff0a37ff4912935851bee6d36f3c02bcc755bcfec228f"
dependencies = [
 "lock_api",
 "parking_lot_core",
]

[[package]]
name = "parking_lot_core"
version = "0.9.3"
source = "registry+https://github.com/rust-lang/crates.io-index"
checksum = "09a279cbf25cb0757810394fbc1e359949b59e348145c643a939a525692e6929"
dependencies = [
 "cfg-if",
 "libc",
 "redox_syscall",
 "smallvec",
 "windows-sys",
]

[[package]]
name = "percent-encoding"
version = "2.2.0"
source = "registry+https://github.com/rust-lang/crates.io-index"
checksum = "478c572c3d73181ff3c2539045f6eb99e5491218eae919370993b890cdbdd98e"

[[package]]
name = "pest"
version = "2.4.0"
source = "registry+https://github.com/rust-lang/crates.io-index"
checksum = "dbc7bc69c062e492337d74d59b120c274fd3d261b6bf6d3207d499b4b379c41a"
dependencies = [
 "thiserror",
 "ucd-trie",
]

[[package]]
name = "pest_derive"
version = "2.4.0"
source = "registry+https://github.com/rust-lang/crates.io-index"
checksum = "60b75706b9642ebcb34dab3bc7750f811609a0eb1dd8b88c2d15bf628c1c65b2"
dependencies = [
 "pest",
 "pest_generator",
]

[[package]]
name = "pest_generator"
version = "2.4.0"
source = "registry+https://github.com/rust-lang/crates.io-index"
checksum = "f4f9272122f5979a6511a749af9db9bfc810393f63119970d7085fed1c4ea0db"
dependencies = [
 "pest",
 "pest_meta",
 "proc-macro2",
 "quote",
 "syn",
]

[[package]]
name = "pest_meta"
version = "2.4.0"
source = "registry+https://github.com/rust-lang/crates.io-index"
checksum = "4c8717927f9b79515e565a64fe46c38b8cd0427e64c40680b14a7365ab09ac8d"
dependencies = [
 "once_cell",
 "pest",
 "sha1",
]

[[package]]
name = "pin-project-lite"
version = "0.2.9"
source = "registry+https://github.com/rust-lang/crates.io-index"
checksum = "e0a7ae3ac2f1173085d398531c705756c94a4c56843785df85a60c1a0afac116"

[[package]]
name = "plonky2"
version = "0.1.0"
source = "git+https://github.com/mir-protocol/plonky2.git?rev=06475c2b61a0d3b26d3f3ded791456052b94251b#06475c2b61a0d3b26d3f3ded791456052b94251b"
dependencies = [
 "anyhow",
 "itertools",
 "keccak-hash 0.8.0",
 "log",
 "maybe_rayon",
 "num",
 "plonky2_field",
 "plonky2_util",
 "rand",
 "rand_chacha",
 "serde",
 "serde_cbor",
 "static_assertions",
 "unroll",
]

[[package]]
name = "plonky2_evm"
version = "0.1.0"
source = "git+https://github.com/mir-protocol/plonky2.git?rev=06475c2b61a0d3b26d3f3ded791456052b94251b#06475c2b61a0d3b26d3f3ded791456052b94251b"
dependencies = [
 "anyhow",
 "env_logger 0.9.1",
 "eth_trie_utils",
 "ethereum-types",
 "hex-literal",
 "itertools",
 "keccak-hash 0.9.0",
 "log",
 "maybe_rayon",
 "num",
 "once_cell",
 "pest",
 "pest_derive",
 "plonky2",
 "plonky2_util",
 "rand",
 "rand_chacha",
 "ripemd",
 "rlp",
 "rlp-derive",
 "serde",
 "sha2",
 "tiny-keccak",
]

[[package]]
name = "plonky2_field"
version = "0.1.0"
source = "git+https://github.com/mir-protocol/plonky2.git?rev=06475c2b61a0d3b26d3f3ded791456052b94251b#06475c2b61a0d3b26d3f3ded791456052b94251b"
dependencies = [
 "anyhow",
 "itertools",
 "num",
 "plonky2_util",
 "rand",
 "serde",
 "static_assertions",
 "unroll",
]

[[package]]
name = "plonky2_util"
version = "0.1.0"
source = "git+https://github.com/mir-protocol/plonky2.git?rev=06475c2b61a0d3b26d3f3ded791456052b94251b#06475c2b61a0d3b26d3f3ded791456052b94251b"

[[package]]
name = "ppv-lite86"
version = "0.2.16"
source = "registry+https://github.com/rust-lang/crates.io-index"
checksum = "eb9f9e6e233e5c4a35559a617bf40a4ec447db2e84c20b55a6f83167b7e57872"

[[package]]
name = "pretty_env_logger"
version = "0.4.0"
source = "registry+https://github.com/rust-lang/crates.io-index"
checksum = "926d36b9553851b8b0005f1275891b392ee4d2d833852c417ed025477350fb9d"
dependencies = [
 "env_logger 0.7.1",
 "log",
]

[[package]]
name = "primitive-types"
version = "0.10.1"
source = "registry+https://github.com/rust-lang/crates.io-index"
checksum = "05e4722c697a58a99d5d06a08c30821d7c082a4632198de1eaa5a6c22ef42373"
dependencies = [
 "fixed-hash 0.7.0",
 "uint",
]

[[package]]
name = "primitive-types"
version = "0.11.1"
source = "registry+https://github.com/rust-lang/crates.io-index"
checksum = "e28720988bff275df1f51b171e1b2a18c30d194c4d2b61defdacecd625a5d94a"
dependencies = [
 "fixed-hash 0.7.0",
 "uint",
]

[[package]]
name = "primitive-types"
version = "0.12.0"
source = "registry+https://github.com/rust-lang/crates.io-index"
checksum = "5cfd65aea0c5fa0bfcc7c9e7ca828c921ef778f43d325325ec84bda371bfa75a"
dependencies = [
 "fixed-hash 0.8.0",
 "impl-codec",
 "impl-rlp",
 "impl-serde",
 "uint",
]

[[package]]
name = "proc-macro-crate"
version = "1.2.1"
source = "registry+https://github.com/rust-lang/crates.io-index"
checksum = "eda0fc3b0fb7c975631757e14d9049da17374063edb6ebbcbc54d880d4fe94e9"
dependencies = [
 "once_cell",
 "thiserror",
 "toml",
]

[[package]]
name = "proc-macro-error"
version = "1.0.4"
source = "registry+https://github.com/rust-lang/crates.io-index"
checksum = "da25490ff9892aab3fcf7c36f08cfb902dd3e71ca0f9f9517bea02a73a5ce38c"
dependencies = [
 "proc-macro-error-attr",
 "proc-macro2",
 "quote",
 "syn",
 "version_check",
]

[[package]]
name = "proc-macro-error-attr"
version = "1.0.4"
source = "registry+https://github.com/rust-lang/crates.io-index"
checksum = "a1be40180e52ecc98ad80b184934baf3d0d29f979574e439af5a55274b35f869"
dependencies = [
 "proc-macro2",
 "quote",
 "version_check",
]

[[package]]
name = "proc-macro2"
version = "1.0.46"
source = "registry+https://github.com/rust-lang/crates.io-index"
checksum = "94e2ef8dbfc347b10c094890f778ee2e36ca9bb4262e86dc99cd217e35f3470b"
dependencies = [
 "unicode-ident",
]

[[package]]
name = "quick-error"
version = "1.2.3"
source = "registry+https://github.com/rust-lang/crates.io-index"
checksum = "a1d01941d82fa2ab50be1e79e6714289dd7cde78eba4c074bc5a4374f650dfe0"

[[package]]
name = "quote"
version = "1.0.21"
source = "registry+https://github.com/rust-lang/crates.io-index"
checksum = "bbe448f377a7d6961e30f5955f9b8d106c3f5e449d493ee1b125c1d43c2b5179"
dependencies = [
 "proc-macro2",
]

[[package]]
name = "radium"
version = "0.7.0"
source = "registry+https://github.com/rust-lang/crates.io-index"
checksum = "dc33ff2d4973d518d823d61aa239014831e521c75da58e3df4840d3f47749d09"

[[package]]
name = "rand"
version = "0.8.5"
source = "registry+https://github.com/rust-lang/crates.io-index"
checksum = "34af8d1a0e25924bc5b7c43c079c942339d8f0a8b57c39049bef581b46327404"
dependencies = [
 "libc",
 "rand_chacha",
 "rand_core",
]

[[package]]
name = "rand_chacha"
version = "0.3.1"
source = "registry+https://github.com/rust-lang/crates.io-index"
checksum = "e6c10a63a0fa32252be49d21e7709d4d4baf8d231c2dbce1eaa8141b9b127d88"
dependencies = [
 "ppv-lite86",
 "rand_core",
]

[[package]]
name = "rand_core"
version = "0.6.4"
source = "registry+https://github.com/rust-lang/crates.io-index"
checksum = "ec0be4795e2f6a28069bec0b5ff3e2ac9bafc99e6a9a7dc3547996c5c816922c"
dependencies = [
 "getrandom",
]

[[package]]
name = "rayon"
version = "1.5.3"
source = "registry+https://github.com/rust-lang/crates.io-index"
checksum = "bd99e5772ead8baa5215278c9b15bf92087709e9c1b2d1f97cdb5a183c933a7d"
dependencies = [
 "autocfg",
 "crossbeam-deque",
 "either",
 "rayon-core",
]

[[package]]
name = "rayon-core"
version = "1.9.3"
source = "registry+https://github.com/rust-lang/crates.io-index"
checksum = "258bcdb5ac6dad48491bb2992db6b7cf74878b0384908af124823d118c99683f"
dependencies = [
 "crossbeam-channel",
 "crossbeam-deque",
 "crossbeam-utils",
 "num_cpus",
]

[[package]]
name = "redox_syscall"
version = "0.2.16"
source = "registry+https://github.com/rust-lang/crates.io-index"
checksum = "fb5a58c1855b4b6819d59012155603f0b22ad30cad752600aadfcb695265519a"
dependencies = [
 "bitflags",
]

[[package]]
name = "regex"
version = "1.6.0"
source = "registry+https://github.com/rust-lang/crates.io-index"
checksum = "4c4eb3267174b8c6c2f654116623910a0fef09c4753f8dd83db29c48a0df988b"
dependencies = [
 "aho-corasick",
 "memchr",
 "regex-syntax",
]

[[package]]
name = "regex-syntax"
version = "0.6.27"
source = "registry+https://github.com/rust-lang/crates.io-index"
checksum = "a3f87b73ce11b1619a3c6332f45341e0047173771e8b8b73f87bfeefb7b56244"

[[package]]
name = "ripemd"
version = "0.1.3"
source = "registry+https://github.com/rust-lang/crates.io-index"
checksum = "bd124222d17ad93a644ed9d011a40f4fb64aa54275c08cc216524a9ea82fb09f"
dependencies = [
 "digest",
]

[[package]]
name = "rlp"
version = "0.5.1"
source = "registry+https://github.com/rust-lang/crates.io-index"
checksum = "999508abb0ae792aabed2460c45b89106d97fe4adac593bdaef433c2605847b5"
dependencies = [
 "bytes",
 "rustc-hex",
]

[[package]]
name = "rlp-derive"
version = "0.1.0"
source = "registry+https://github.com/rust-lang/crates.io-index"
checksum = "e33d7b2abe0c340d8797fe2907d3f20d3b5ea5908683618bfe80df7f621f672a"
dependencies = [
 "proc-macro2",
 "quote",
 "syn",
]

[[package]]
name = "rustc-demangle"
version = "0.1.21"
source = "registry+https://github.com/rust-lang/crates.io-index"
checksum = "7ef03e0a2b150c7a90d01faf6254c9c48a41e95fb2a8c2ac1c6f0d2b9aefc342"

[[package]]
name = "rustc-hex"
version = "2.1.0"
source = "registry+https://github.com/rust-lang/crates.io-index"
checksum = "3e75f6a532d0fd9f7f13144f392b6ad56a32696bfcd9c78f797f16bbb6f072d6"

[[package]]
name = "ryu"
version = "1.0.11"
source = "registry+https://github.com/rust-lang/crates.io-index"
checksum = "4501abdff3ae82a1c1b477a17252eb69cee9e66eb915c1abaa4f44d873df9f09"

[[package]]
name = "scopeguard"
version = "1.1.0"
source = "registry+https://github.com/rust-lang/crates.io-index"
checksum = "d29ab0c6d3fc0ee92fe66e2d99f700eab17a8d57d1c1d3b748380fb20baa78cd"

[[package]]
name = "scratch"
version = "1.0.2"
source = "registry+https://github.com/rust-lang/crates.io-index"
checksum = "9c8132065adcfd6e02db789d9285a0deb2f3fcb04002865ab67d5fb103533898"

[[package]]
name = "serde"
version = "1.0.145"
source = "registry+https://github.com/rust-lang/crates.io-index"
checksum = "728eb6351430bccb993660dfffc5a72f91ccc1295abaa8ce19b27ebe4f75568b"
dependencies = [
 "serde_derive",
]

[[package]]
name = "serde_bytes"
version = "0.11.7"
source = "registry+https://github.com/rust-lang/crates.io-index"
checksum = "cfc50e8183eeeb6178dcb167ae34a8051d63535023ae38b5d8d12beae193d37b"
dependencies = [
 "serde",
]

[[package]]
name = "serde_cbor"
version = "0.11.2"
source = "registry+https://github.com/rust-lang/crates.io-index"
checksum = "2bef2ebfde456fb76bbcf9f59315333decc4fda0b2b44b420243c11e0f5ec1f5"
dependencies = [
 "half",
 "serde",
]

[[package]]
name = "serde_derive"
version = "1.0.145"
source = "registry+https://github.com/rust-lang/crates.io-index"
checksum = "81fa1584d3d1bcacd84c277a0dfe21f5b0f6accf4a23d04d4c6d61f1af522b4c"
dependencies = [
 "proc-macro2",
 "quote",
 "syn",
]

[[package]]
name = "serde_json"
version = "1.0.86"
source = "registry+https://github.com/rust-lang/crates.io-index"
checksum = "41feea4228a6f1cd09ec7a3593a682276702cd67b5273544757dae23c096f074"
dependencies = [
 "itoa",
 "ryu",
 "serde",
]

[[package]]
name = "serde_with"
version = "2.0.1"
source = "registry+https://github.com/rust-lang/crates.io-index"
checksum = "368f2d60d049ea019a84dcd6687b0d1e0030fe663ae105039bdf967ed5e6a9a7"
dependencies = [
 "base64",
 "chrono",
 "hex",
 "indexmap",
 "serde",
 "serde_json",
 "serde_with_macros",
 "time",
]

[[package]]
name = "serde_with_macros"
version = "2.0.1"
source = "registry+https://github.com/rust-lang/crates.io-index"
checksum = "1ccadfacf6cf10faad22bbadf55986bdd0856edfb5d9210aa1dcf1f516e84e93"
dependencies = [
 "darling",
 "proc-macro2",
 "quote",
 "syn",
]

[[package]]
name = "sha1"
version = "0.10.5"
source = "registry+https://github.com/rust-lang/crates.io-index"
checksum = "f04293dc80c3993519f2d7f6f511707ee7094fe0c6d3406feb330cdb3540eba3"
dependencies = [
 "cfg-if",
 "cpufeatures",
 "digest",
]

[[package]]
name = "sha2"
version = "0.10.6"
source = "registry+https://github.com/rust-lang/crates.io-index"
checksum = "82e6b795fe2e3b1e845bafcb27aa35405c4d47cdfc92af5fc8d3002f76cebdc0"
dependencies = [
 "cfg-if",
 "cpufeatures",
 "digest",
]

[[package]]
name = "signal-hook"
version = "0.3.14"
source = "registry+https://github.com/rust-lang/crates.io-index"
checksum = "a253b5e89e2698464fc26b545c9edceb338e18a89effeeecfea192c3025be29d"
dependencies = [
 "libc",
 "signal-hook-registry",
]

[[package]]
name = "signal-hook-mio"
version = "0.2.3"
source = "registry+https://github.com/rust-lang/crates.io-index"
checksum = "29ad2e15f37ec9a6cc544097b78a1ec90001e9f71b81338ca39f430adaca99af"
dependencies = [
 "libc",
 "mio",
 "signal-hook",
]

[[package]]
name = "signal-hook-registry"
version = "1.4.0"
source = "registry+https://github.com/rust-lang/crates.io-index"
checksum = "e51e73328dc4ac0c7ccbda3a494dfa03df1de2f46018127f60c693f2648455b0"
dependencies = [
 "libc",
]

[[package]]
name = "smallvec"
version = "1.10.0"
source = "registry+https://github.com/rust-lang/crates.io-index"
checksum = "a507befe795404456341dfab10cef66ead4c041f62b8b11bbb92bffe5d0953e0"

[[package]]
name = "static_assertions"
version = "1.1.0"
source = "registry+https://github.com/rust-lang/crates.io-index"
checksum = "a2eb9349b6444b326872e140eb1cf5e7c522154d69e7a0ffb0fb81c06b37543f"

[[package]]
name = "strsim"
version = "0.10.0"
source = "registry+https://github.com/rust-lang/crates.io-index"
checksum = "73473c0e59e6d5812c5dfe2a064a6444949f089e20eec9a2e5506596494e4623"

[[package]]
name = "syn"
version = "1.0.102"
source = "registry+https://github.com/rust-lang/crates.io-index"
checksum = "3fcd952facd492f9be3ef0d0b7032a6e442ee9b361d4acc2b1d0c4aaa5f613a1"
dependencies = [
 "proc-macro2",
 "quote",
 "unicode-ident",
]

[[package]]
name = "tap"
version = "1.0.1"
source = "registry+https://github.com/rust-lang/crates.io-index"
checksum = "55937e1799185b12863d447f42597ed69d9928686b8d88a1df17376a097d8369"

[[package]]
name = "termcolor"
version = "1.1.3"
source = "registry+https://github.com/rust-lang/crates.io-index"
checksum = "bab24d30b911b2376f3a13cc2cd443142f0c81dda04c118693e35b3835757755"
dependencies = [
 "winapi-util",
]

[[package]]
name = "termimad"
version = "0.20.3"
source = "registry+https://github.com/rust-lang/crates.io-index"
checksum = "3977554523f42b473e5211e5fbb39e78e21e793ff6ffd6428ae3bd02dbb7e09d"
dependencies = [
 "coolor",
 "crossbeam",
 "crossterm",
 "minimad",
 "thiserror",
 "unicode-width",
]

[[package]]
name = "thiserror"
version = "1.0.37"
source = "registry+https://github.com/rust-lang/crates.io-index"
checksum = "10deb33631e3c9018b9baf9dcbbc4f737320d2b576bac10f6aefa048fa407e3e"
dependencies = [
 "thiserror-impl",
]

[[package]]
name = "thiserror-impl"
version = "1.0.37"
source = "registry+https://github.com/rust-lang/crates.io-index"
checksum = "982d17546b47146b28f7c22e3d08465f6b8903d0ea13c1660d9d84a6e7adcdbb"
dependencies = [
 "proc-macro2",
 "quote",
 "syn",
]

[[package]]
name = "time"
version = "0.3.15"
source = "registry+https://github.com/rust-lang/crates.io-index"
checksum = "d634a985c4d4238ec39cacaed2e7ae552fbd3c476b552c1deac3021b7d7eaf0c"
dependencies = [
 "itoa",
 "libc",
 "num_threads",
 "serde",
]

[[package]]
name = "tiny-keccak"
version = "2.0.2"
source = "registry+https://github.com/rust-lang/crates.io-index"
checksum = "2c9d3793400a45f954c52e73d068316d76b6f4e36977e3fcebb13a2721e80237"
dependencies = [
 "crunchy",
]

[[package]]
name = "tokio"
version = "1.21.2"
source = "registry+https://github.com/rust-lang/crates.io-index"
checksum = "a9e03c497dc955702ba729190dc4aac6f2a0ce97f913e5b1b5912fc5039d9099"
dependencies = [
 "autocfg",
 "num_cpus",
 "pin-project-lite",
 "tokio-macros",
]

[[package]]
name = "tokio-macros"
version = "1.8.0"
source = "registry+https://github.com/rust-lang/crates.io-index"
checksum = "9724f9a975fb987ef7a3cd9be0350edcbe130698af5b8f7a631e23d42d052484"
dependencies = [
 "proc-macro2",
 "quote",
 "syn",
]

[[package]]
name = "tokio-stream"
version = "0.1.11"
source = "registry+https://github.com/rust-lang/crates.io-index"
checksum = "d660770404473ccd7bc9f8b28494a811bc18542b915c0855c51e8f419d5223ce"
dependencies = [
 "futures-core",
 "pin-project-lite",
 "tokio",
]

[[package]]
name = "toml"
version = "0.5.9"
source = "registry+https://github.com/rust-lang/crates.io-index"
checksum = "8d82e1a7758622a465f8cee077614c73484dac5b836c02ff6a40d5d1010324d7"
dependencies = [
 "serde",
]

[[package]]
name = "typenum"
version = "1.15.0"
source = "registry+https://github.com/rust-lang/crates.io-index"
checksum = "dcf81ac59edc17cc8697ff311e8f5ef2d99fcbd9817b34cec66f90b6c3dfd987"

[[package]]
name = "ucd-trie"
version = "0.1.5"
source = "registry+https://github.com/rust-lang/crates.io-index"
checksum = "9e79c4d996edb816c91e4308506774452e55e95c3c9de07b6729e17e15a5ef81"

[[package]]
name = "uint"
version = "0.9.4"
source = "registry+https://github.com/rust-lang/crates.io-index"
checksum = "a45526d29728d135c2900b0d30573fe3ee79fceb12ef534c7bb30e810a91b601"
dependencies = [
 "byteorder",
 "crunchy",
 "hex",
 "static_assertions",
]

[[package]]
name = "unicase"
version = "2.6.0"
source = "registry+https://github.com/rust-lang/crates.io-index"
checksum = "50f37be617794602aabbeee0be4f259dc1778fabe05e2d67ee8f79326d5cb4f6"
dependencies = [
 "version_check",
]

[[package]]
name = "unicode-ident"
version = "1.0.5"
source = "registry+https://github.com/rust-lang/crates.io-index"
checksum = "6ceab39d59e4c9499d4e5a8ee0e2735b891bb7308ac83dfb4e80cad195c9f6f3"

[[package]]
name = "unicode-width"
version = "0.1.10"
source = "registry+https://github.com/rust-lang/crates.io-index"
checksum = "c0edd1e5b14653f783770bce4a4dabb4a5108a5370a5f5d8cfe8710c361f6c8b"

[[package]]
name = "unroll"
version = "0.1.5"
source = "registry+https://github.com/rust-lang/crates.io-index"
checksum = "5ad948c1cb799b1a70f836077721a92a35ac177d4daddf4c20a633786d4cf618"
dependencies = [
 "quote",
 "syn",
]

[[package]]
name = "version_check"
version = "0.9.4"
source = "registry+https://github.com/rust-lang/crates.io-index"
checksum = "49874b5167b65d7193b8aba1567f5c7d93d001cafc34600cee003eda787e483f"

[[package]]
name = "wasi"
version = "0.11.0+wasi-snapshot-preview1"
source = "registry+https://github.com/rust-lang/crates.io-index"
checksum = "9c8d87e72b64a3b4db28d11ce29237c246188f4f51057d65a7eab63b7987e423"

[[package]]
name = "wasm-bindgen"
version = "0.2.83"
source = "registry+https://github.com/rust-lang/crates.io-index"
checksum = "eaf9f5aceeec8be17c128b2e93e031fb8a4d469bb9c4ae2d7dc1888b26887268"
dependencies = [
 "cfg-if",
 "wasm-bindgen-macro",
]

[[package]]
name = "wasm-bindgen-backend"
version = "0.2.83"
source = "registry+https://github.com/rust-lang/crates.io-index"
checksum = "4c8ffb332579b0557b52d268b91feab8df3615f265d5270fec2a8c95b17c1142"
dependencies = [
 "bumpalo",
 "log",
 "once_cell",
 "proc-macro2",
 "quote",
 "syn",
 "wasm-bindgen-shared",
]

[[package]]
name = "wasm-bindgen-macro"
version = "0.2.83"
source = "registry+https://github.com/rust-lang/crates.io-index"
checksum = "052be0f94026e6cbc75cdefc9bae13fd6052cdcaf532fa6c45e7ae33a1e6c810"
dependencies = [
 "quote",
 "wasm-bindgen-macro-support",
]

[[package]]
name = "wasm-bindgen-macro-support"
version = "0.2.83"
source = "registry+https://github.com/rust-lang/crates.io-index"
checksum = "07bc0c051dc5f23e307b13285f9d75df86bfdf816c5721e573dec1f9b8aa193c"
dependencies = [
 "proc-macro2",
 "quote",
 "syn",
 "wasm-bindgen-backend",
 "wasm-bindgen-shared",
]

[[package]]
name = "wasm-bindgen-shared"
version = "0.2.83"
source = "registry+https://github.com/rust-lang/crates.io-index"
checksum = "1c38c045535d93ec4f0b4defec448e4291638ee608530863b1e2ba115d4fff7f"

[[package]]
name = "winapi"
version = "0.3.9"
source = "registry+https://github.com/rust-lang/crates.io-index"
checksum = "5c839a674fcd7a98952e593242ea400abe93992746761e38641405d28b00f419"
dependencies = [
 "winapi-i686-pc-windows-gnu",
 "winapi-x86_64-pc-windows-gnu",
]

[[package]]
name = "winapi-i686-pc-windows-gnu"
version = "0.4.0"
source = "registry+https://github.com/rust-lang/crates.io-index"
checksum = "ac3b87c63620426dd9b991e5ce0329eff545bccbbb34f3be09ff6fb6ab51b7b6"

[[package]]
name = "winapi-util"
version = "0.1.5"
source = "registry+https://github.com/rust-lang/crates.io-index"
checksum = "70ec6ce85bb158151cae5e5c87f95a8e97d2c0c4b001223f33a334e3ce5de178"
dependencies = [
 "winapi",
]

[[package]]
name = "winapi-x86_64-pc-windows-gnu"
version = "0.4.0"
source = "registry+https://github.com/rust-lang/crates.io-index"
checksum = "712e227841d057c1ee1cd2fb22fa7e5a5461ae8e48fa2ca79ec42cfc1931183f"

[[package]]
name = "windows-sys"
version = "0.36.1"
source = "registry+https://github.com/rust-lang/crates.io-index"
checksum = "ea04155a16a59f9eab786fe12a4a450e75cdb175f9e0d80da1e17db09f55b8d2"
dependencies = [
 "windows_aarch64_msvc",
 "windows_i686_gnu",
 "windows_i686_msvc",
 "windows_x86_64_gnu",
 "windows_x86_64_msvc",
]

[[package]]
name = "windows_aarch64_msvc"
version = "0.36.1"
source = "registry+https://github.com/rust-lang/crates.io-index"
checksum = "9bb8c3fd39ade2d67e9874ac4f3db21f0d710bee00fe7cab16949ec184eeaa47"

[[package]]
name = "windows_i686_gnu"
version = "0.36.1"
source = "registry+https://github.com/rust-lang/crates.io-index"
checksum = "180e6ccf01daf4c426b846dfc66db1fc518f074baa793aa7d9b9aaeffad6a3b6"

[[package]]
name = "windows_i686_msvc"
version = "0.36.1"
source = "registry+https://github.com/rust-lang/crates.io-index"
checksum = "e2e7917148b2812d1eeafaeb22a97e4813dfa60a3f8f78ebe204bcc88f12f024"

[[package]]
name = "windows_x86_64_gnu"
version = "0.36.1"
source = "registry+https://github.com/rust-lang/crates.io-index"
checksum = "4dcd171b8776c41b97521e5da127a2d86ad280114807d0b2ab1e462bc764d9e1"

[[package]]
name = "windows_x86_64_msvc"
version = "0.36.1"
source = "registry+https://github.com/rust-lang/crates.io-index"
checksum = "c811ca4a8c853ef420abd8592ba53ddbbac90410fab6903b3e79972a631f7680"

[[package]]
name = "wyz"
version = "0.5.0"
source = "registry+https://github.com/rust-lang/crates.io-index"
checksum = "30b31594f29d27036c383b53b59ed3476874d518f0efb151b27a4c275141390e"
dependencies = [
 "tap",
]
